
Microsoft Visual Studio Solution File, Format Version 12.00
# Visual Studio Version 17
VisualStudioVersion = 17.8.34511.84
MinimumVisualStudioVersion = 10.0.40219.1
Project("{9A19103F-16F7-4668-BE54-9A1E7A4F7556}") = "FamilyPlanning_API", "FamilyPlanning_API.csproj", "{FA436DFD-2918-4153-91BC-71C29E848C83}"
EndProject
Project("{FAE04EC0-301F-11D3-BF4B-00C04F79EFBC}") = "data_access", "..\family_planning\data_access.csproj", "{3A5DC0BD-D2FD-4116-8504-A76489C680E6}"
EndProject
Global
	GlobalSection(SolutionConfigurationPlatforms) = preSolution
		Debug|Any CPU = Debug|Any CPU
		Release|Any CPU = Release|Any CPU
	EndGlobalSection
	GlobalSection(ProjectConfigurationPlatforms) = postSolution
		{FA436DFD-2918-4153-91BC-71C29E848C83}.Debug|Any CPU.ActiveCfg = Debug|Any CPU
		{FA436DFD-2918-4153-91BC-71C29E848C83}.Debug|Any CPU.Build.0 = Debug|Any CPU
		{FA436DFD-2918-4153-91BC-71C29E848C83}.Release|Any CPU.ActiveCfg = Release|Any CPU
		{FA436DFD-2918-4153-91BC-71C29E848C83}.Release|Any CPU.Build.0 = Release|Any CPU
		{3A5DC0BD-D2FD-4116-8504-A76489C680E6}.Debug|Any CPU.ActiveCfg = Debug|Any CPU
		{3A5DC0BD-D2FD-4116-8504-A76489C680E6}.Debug|Any CPU.Build.0 = Debug|Any CPU
		{3A5DC0BD-D2FD-4116-8504-A76489C680E6}.Release|Any CPU.ActiveCfg = Release|Any CPU
		{3A5DC0BD-D2FD-4116-8504-A76489C680E6}.Release|Any CPU.Build.0 = Release|Any CPU
	EndGlobalSection
	GlobalSection(SolutionProperties) = preSolution
		HideSolutionNode = FALSE
	EndGlobalSection
	GlobalSection(ExtensibilityGlobals) = postSolution
		SolutionGuid = {04C179B5-716C-4F12-9AD0-9DD320786CF8}
	EndGlobalSection
EndGlobal
