
Microsoft Visual Studio Solution File, Format Version 12.00
# Visual Studio Version 17
VisualStudioVersion = 17.8.34511.84
MinimumVisualStudioVersion = 10.0.40219.1
Project("{FAE04EC0-301F-11D3-BF4B-00C04F79EFBC}") = "BotClient", "BotClient.csproj", "{15B1F9FD-AAB9-4F02-A960-6E0F4A0ED8DC}"
EndProject
Global
	GlobalSection(SolutionConfigurationPlatforms) = preSolution
		Debug|Any CPU = Debug|Any CPU
		Release|Any CPU = Release|Any CPU
	EndGlobalSection
	GlobalSection(ProjectConfigurationPlatforms) = postSolution
		{15B1F9FD-AAB9-4F02-A960-6E0F4A0ED8DC}.Debug|Any CPU.ActiveCfg = Debug|Any CPU
		{15B1F9FD-AAB9-4F02-A960-6E0F4A0ED8DC}.Debug|Any CPU.Build.0 = Debug|Any CPU
		{15B1F9FD-AAB9-4F02-A960-6E0F4A0ED8DC}.Release|Any CPU.ActiveCfg = Release|Any CPU
		{15B1F9FD-AAB9-4F02-A960-6E0F4A0ED8DC}.Release|Any CPU.Build.0 = Release|Any CPU
	EndGlobalSection
	GlobalSection(SolutionProperties) = preSolution
		HideSolutionNode = FALSE
	EndGlobalSection
	GlobalSection(ExtensibilityGlobals) = postSolution
		SolutionGuid = {54671A1E-7FED-4D62-899B-EDA26FF072ED}
	EndGlobalSection
EndGlobal
